
Microsoft Visual Studio Solution File, Format Version 12.00
# Visual Studio Version 16
VisualStudioVersion = 16.0.30717.126
MinimumVisualStudioVersion = 10.0.40219.1
Project("{FAE04EC0-301F-11D3-BF4B-00C04F79EFBC}") = "JintDPlugin", "JintDPlugin\JintDPlugin.csproj", "{2D28BF9B-521A-4721-BB9A-3902E796D78F}"
EndProject
Project("{FAE04EC0-301F-11D3-BF4B-00C04F79EFBC}") = "DPlugin1", "DPlugin1\DPlugin1.csproj", "{BB21EC69-8507-4022-8183-32C4FAA92F1A}"
EndProject
Global
	GlobalSection(SolutionConfigurationPlatforms) = preSolution
		Debug|Any CPU = Debug|Any CPU
		Release|Any CPU = Release|Any CPU
	EndGlobalSection
	GlobalSection(ProjectConfigurationPlatforms) = postSolution
		{2D28BF9B-521A-4721-BB9A-3902E796D78F}.Debug|Any CPU.ActiveCfg = Debug|Any CPU
		{2D28BF9B-521A-4721-BB9A-3902E796D78F}.Debug|Any CPU.Build.0 = Debug|Any CPU
		{2D28BF9B-521A-4721-BB9A-3902E796D78F}.Release|Any CPU.ActiveCfg = Release|Any CPU
		{2D28BF9B-521A-4721-BB9A-3902E796D78F}.Release|Any CPU.Build.0 = Release|Any CPU
		{BB21EC69-8507-4022-8183-32C4FAA92F1A}.Debug|Any CPU.ActiveCfg = Debug|Any CPU
		{BB21EC69-8507-4022-8183-32C4FAA92F1A}.Debug|Any CPU.Build.0 = Debug|Any CPU
		{BB21EC69-8507-4022-8183-32C4FAA92F1A}.Release|Any CPU.ActiveCfg = Release|Any CPU
		{BB21EC69-8507-4022-8183-32C4FAA92F1A}.Release|Any CPU.Build.0 = Release|Any CPU
	EndGlobalSection
	GlobalSection(SolutionProperties) = preSolution
		HideSolutionNode = FALSE
	EndGlobalSection
	GlobalSection(ExtensibilityGlobals) = postSolution
		SolutionGuid = {D6D41409-B5BA-4990-A1F1-C791FE88D862}
	EndGlobalSection
EndGlobal
